
Microsoft Visual Studio Solution File, Format Version 12.00
# Visual Studio 15
VisualStudioVersion = 15.0.28307.271
MinimumVisualStudioVersion = 10.0.40219.1
Project("{8BC9CEB8-8B4A-11D0-8D11-00A0C91BC942}") = "F429BootRoutine", "F429BootRoutine\F429BootRoutine.vcxproj", "{DE58F82A-77EA-4FEF-A2CE-EF48342AE904}"
EndProject
Global
	GlobalSection(SolutionConfigurationPlatforms) = preSolution
		Debug|VisualGDB = Debug|VisualGDB
		Release|VisualGDB = Release|VisualGDB
	EndGlobalSection
	GlobalSection(ProjectConfigurationPlatforms) = postSolution
		{DE58F82A-77EA-4FEF-A2CE-EF48342AE904}.Debug|VisualGDB.ActiveCfg = Debug|VisualGDB
		{DE58F82A-77EA-4FEF-A2CE-EF48342AE904}.Debug|VisualGDB.Build.0 = Debug|VisualGDB
		{DE58F82A-77EA-4FEF-A2CE-EF48342AE904}.Release|VisualGDB.ActiveCfg = Release|VisualGDB
		{DE58F82A-77EA-4FEF-A2CE-EF48342AE904}.Release|VisualGDB.Build.0 = Release|VisualGDB
	EndGlobalSection
	GlobalSection(SolutionProperties) = preSolution
		HideSolutionNode = FALSE
	EndGlobalSection
	GlobalSection(ExtensibilityGlobals) = postSolution
		SolutionGuid = {4A3CAC8D-A778-4676-85E1-AC2B09C00AA8}
	EndGlobalSection
EndGlobal
